{
  "lockfile_version": "1",
  "packages": {
    "github:NixOS/nixpkgs/nixpkgs-unstable": {
      "last_modified": "2026-01-26T09:54:05Z",
      "resolved": "github:NixOS/nixpkgs/5b265bda51b42a2a85af0a543c3e57b778b01b7d?lastModified=1769421245&narHash=sha256-m5QLKjpdhbDrhyrUbEm5Haq3lqE5Z6xh2tab5vTHUTo%3D"
    },
    "opentofu@latest": {
      "last_modified": "2026-01-23T17:20:52Z",
      "resolved": "github:NixOS/nixpkgs/a1bab9e494f5f4939442a57a58d0449a109593fe#opentofu",
      "source": "devbox-search",
      "version": "1.11.4",
      "systems": {
        "aarch64-darwin": {
          "outputs": [
            {
              "name": "out",
              "path": "/nix/store/dh4g368b2h3fz41qv35qi202arp9fk56-opentofu-1.11.4",
              "default": true
            }
          ],
          "store_path": "/nix/store/dh4g368b2h3fz41qv35qi202arp9fk56-opentofu-1.11.4"
        },
        "aarch64-linux": {
          "outputs": [
            {
              "name": "out",
              "path": "/nix/store/7iwd0dfplspdbn2xrixxnk7r60hhv1cs-opentofu-1.11.4",
              "default": true
            }
          ],
          "store_path": "/nix/store/7iwd0dfplspdbn2xrixxnk7r60hhv1cs-opentofu-1.11.4"
        },
        "x86_64-darwin": {
          "outputs": [
            {
              "name": "out",
              "path": "/nix/store/bzrrjv7lbabc9kvhmhiihh4il9kxp0y0-opentofu-1.11.4",
              "default": true
            }
          ],
          "store_path": "/nix/store/bzrrjv7lbabc9kvhmhiihh4il9kxp0y0-opentofu-1.11.4"
        },
        "x86_64-linux": {
          "outputs": [
            {
              "name": "out",
              "path": "/nix/store/khly3n8k62bvm8j70lmy7apzsf3g1072-opentofu-1.11.4",
              "default": true
            }
          ],
          "store_path": "/nix/store/khly3n8k62bvm8j70lmy7apzsf3g1072-opentofu-1.11.4"
        }
      }
    },
    "pre-commit@latest": {
      "last_modified": "2026-01-27T15:18:14Z",
      "resolved": "github:NixOS/nixpkgs/afce96367b2e37fc29afb5543573cd49db3357b7#pre-commit",
      "source": "devbox-search",
      "version": "4.5.1",
      "systems": {
        "aarch64-darwin": {
          "outputs": [
            {
              "name": "out",
              "path": "/nix/store/ncmva42irlji9z8bpavbb31y85jzs7w7-pre-commit-4.5.1",
              "default": true
            },
            {
              "name": "dist",
              "path": "/nix/store/vqxsapqpsf2v0z4435w67mmlshp85b45-pre-commit-4.5.1-dist"
            }
          ],
          "store_path": "/nix/store/ncmva42irlji9z8bpavbb31y85jzs7w7-pre-commit-4.5.1"
        },
        "aarch64-linux": {
          "outputs": [
            {
              "name": "out",
              "path": "/nix/store/k9b61qhcmsycb9pj6iswc8i34wjn30lq-pre-commit-4.5.1",
              "default": true
            },
            {
              "name": "dist",
              "path": "/nix/store/mnizha2q7yzl8x6skvsqxb75m3ps5l52-pre-commit-4.5.1-dist"
            }
          ],
          "store_path": "/nix/store/k9b61qhcmsycb9pj6iswc8i34wjn30lq-pre-commit-4.5.1"
        },
        "x86_64-darwin": {
          "outputs": [
            {
              "name": "out",
              "path": "/nix/store/5wfgd7dj6jm45g96ng7byy0wdbahim3d-pre-commit-4.5.1",
              "default": true
            },
            {
              "name": "dist",
              "path": "/nix/store/h5prdxph0gcrxjqqr64kykz1bc3hwmw7-pre-commit-4.5.1-dist"
            }
          ],
          "store_path": "/nix/store/5wfgd7dj6jm45g96ng7byy0wdbahim3d-pre-commit-4.5.1"
        },
        "x86_64-linux": {
          "outputs": [
            {
              "name": "out",
              "path": "/nix/store/m9rrqw4kzly6qqg5m6d6qi2z5a6xvwyk-pre-commit-4.5.1",
              "default": true
            },
            {
              "name": "dist",
              "path": "/nix/store/aiylyj2jy96h2zcafb4sh03n7cma75bd-pre-commit-4.5.1-dist"
            }
          ],
          "store_path": "/nix/store/m9rrqw4kzly6qqg5m6d6qi2z5a6xvwyk-pre-commit-4.5.1"
        }
      }
    },
    "terraform-docs@0.21.0": {
      "last_modified": "2026-01-23T17:20:52Z",
      "resolved": "github:NixOS/nixpkgs/a1bab9e494f5f4939442a57a58d0449a109593fe#terraform-docs",
      "source": "devbox-search",
      "version": "0.21.0",
      "systems": {
        "aarch64-darwin": {
          "outputs": [
            {
              "name": "out",
              "path": "/nix/store/r9jlf0vqk7mwy3mg2das2zpppwgfmwa1-terraform-docs-0.21.0",
              "default": true
            }
          ],
          "store_path": "/nix/store/r9jlf0vqk7mwy3mg2das2zpppwgfmwa1-terraform-docs-0.21.0"
        },
        "aarch64-linux": {
          "outputs": [
            {
              "name": "out",
              "path": "/nix/store/kpg5sjrgxykzjpgaw2iwq9axf99131i7-terraform-docs-0.21.0",
              "default": true
            }
          ],
          "store_path": "/nix/store/kpg5sjrgxykzjpgaw2iwq9axf99131i7-terraform-docs-0.21.0"
        },
        "x86_64-darwin": {
          "outputs": [
            {
              "name": "out",
              "path": "/nix/store/1kgj78g7sdfrfa167shvkvhwbzq40gyd-terraform-docs-0.21.0",
              "default": true
            }
          ],
          "store_path": "/nix/store/1kgj78g7sdfrfa167shvkvhwbzq40gyd-terraform-docs-0.21.0"
        },
        "x86_64-linux": {
          "outputs": [
            {
              "name": "out",
              "path": "/nix/store/asbr3xn37psdphqg46qwq68wc73s1026-terraform-docs-0.21.0",
              "default": true
            }
          ],
          "store_path": "/nix/store/asbr3xn37psdphqg46qwq68wc73s1026-terraform-docs-0.21.0"
        }
      }
    },
    "yq-go@latest": {
      "last_modified": "2026-01-23T17:20:52Z",
      "resolved": "github:NixOS/nixpkgs/a1bab9e494f5f4939442a57a58d0449a109593fe#yq-go",
      "source": "devbox-search",
      "version": "4.50.1",
      "systems": {
        "aarch64-darwin": {
          "outputs": [
            {
              "name": "out",
              "path": "/nix/store/97s2svj2zrsfmwgpdxqrq99n3n40plyd-yq-go-4.50.1",
              "default": true
            }
          ],
          "store_path": "/nix/store/97s2svj2zrsfmwgpdxqrq99n3n40plyd-yq-go-4.50.1"
        },
        "aarch64-linux": {
          "outputs": [
            {
              "name": "out",
              "path": "/nix/store/4vfppipshrf3b604p3nqy6xy34n7hm1r-yq-go-4.50.1",
              "default": true
            }
          ],
          "store_path": "/nix/store/4vfppipshrf3b604p3nqy6xy34n7hm1r-yq-go-4.50.1"
        },
        "x86_64-darwin": {
          "outputs": [
            {
              "name": "out",
              "path": "/nix/store/z3r8ynh5vwm66vf7i2czc164rwvch7cz-yq-go-4.50.1",
              "default": true
            }
          ],
          "store_path": "/nix/store/z3r8ynh5vwm66vf7i2czc164rwvch7cz-yq-go-4.50.1"
        },
        "x86_64-linux": {
          "outputs": [
            {
              "name": "out",
              "path": "/nix/store/vw048akg3chy15xk9anfiv4jkkq0g40x-yq-go-4.50.1",
              "default": true
            }
          ],
          "store_path": "/nix/store/vw048akg3chy15xk9anfiv4jkkq0g40x-yq-go-4.50.1"
        }
      }
    }
  }
}
